
Microsoft Visual Studio Solution File, Format Version 12.00
# Visual Studio Version 17
VisualStudioVersion = 17.14.36518.9
MinimumVisualStudioVersion = 10.0.40219.1
Project("{FAE04EC0-301F-11D3-BF4B-00C04F79EFBC}") = "contactlist", "contactlist.csproj", "{2CF651D2-E719-4CFD-8707-7E583CDF03BC}"
EndProject
Global
	GlobalSection(SolutionConfigurationPlatforms) = preSolution
		Debug|Any CPU = Debug|Any CPU
		Release|Any CPU = Release|Any CPU
	EndGlobalSection
	GlobalSection(ProjectConfigurationPlatforms) = postSolution
		{2CF651D2-E719-4CFD-8707-7E583CDF03BC}.Debug|Any CPU.ActiveCfg = Debug|Any CPU
		{2CF651D2-E719-4CFD-8707-7E583CDF03BC}.Debug|Any CPU.Build.0 = Debug|Any CPU
		{2CF651D2-E719-4CFD-8707-7E583CDF03BC}.Release|Any CPU.ActiveCfg = Release|Any CPU
		{2CF651D2-E719-4CFD-8707-7E583CDF03BC}.Release|Any CPU.Build.0 = Release|Any CPU
	EndGlobalSection
	GlobalSection(SolutionProperties) = preSolution
		HideSolutionNode = FALSE
	EndGlobalSection
	GlobalSection(ExtensibilityGlobals) = postSolution
		SolutionGuid = {ECD5ED93-3A18-481E-99D4-DD97D8E0324B}
	EndGlobalSection
EndGlobal
